{
  "nodes": {
    "flakeNimbleLib": {
      "inputs": {
        "nixpkgs": [
          "nixpkgs"
        ]
      },
      "locked": {
        "lastModified": 1662018438,
        "narHash": "sha256-QtNtU6+LX3Wokxf0zlFwKTFOcn6TeDjKQZ+DA9OYtvM=",
        "owner": "riinr",
        "repo": "nim-flakes-lib",
        "rev": "b1fe8340736e3a85d25c709ac3dfd82a55c03cbf",
        "type": "github"
      },
      "original": {
        "owner": "riinr",
        "ref": "master",
        "repo": "nim-flakes-lib",
        "type": "github"
      }
    },
    "horde3d-master": {
      "inputs": {
        "flakeNimbleLib": [
          "flakeNimbleLib"
        ],
        "nixpkgs": [
          "nixpkgs"
        ],
        "src-horde3d-master": "src-horde3d-master"
      },
      "locked": {
        "dir": "master",
        "lastModified": 1667322338,
        "narHash": "sha256-3Fcqzl4HNcnCdQfXdfQkQmd0dMkywm8BqV8COASho+0=",
        "owner": "nim-nix-pkgs",
        "repo": "horde3d",
        "rev": "b38e7930ef6bd901b9af993ffd14215decdb6e1a",
        "type": "github"
      },
      "original": {
        "dir": "master",
        "owner": "nim-nix-pkgs",
        "ref": "master",
        "repo": "horde3d",
        "type": "github"
      }
    },
    "nixpkgs": {
      "locked": {
        "lastModified": 1667199707,
        "narHash": "sha256-I2Js3Y7gUyVSEXPULHlBoRek4Lh85vnevdS6mdvDNLI=",
        "owner": "NixOS",
        "repo": "nixpkgs",
        "rev": "ced197be72099edcfa68ebed8b87af7b04851f45",
        "type": "github"
      },
      "original": {
        "id": "nixpkgs",
        "type": "indirect"
      }
    },
    "root": {
      "inputs": {
        "flakeNimbleLib": "flakeNimbleLib",
        "horde3d-master": "horde3d-master",
        "nixpkgs": "nixpkgs"
      }
    },
    "src-horde3d-master": {
      "flake": false,
      "locked": {
        "lastModified": 1394852369,
        "narHash": "sha256-lX2548MyIerGaNJBBHXlz+BcsOoUW1+CFOSWGSqVk8Y=",
        "owner": "fowlmouth",
        "repo": "horde3d",
        "rev": "b5a291c65b9baaa57a4501b36acdf21b94296972",
        "type": "github"
      },
      "original": {
        "owner": "fowlmouth",
        "ref": "refs/heads/master",
        "repo": "horde3d",
        "type": "github"
      }
    }
  },
  "root": "root",
  "version": 7
}
